
Microsoft Visual Studio Solution File, Format Version 12.00
# Visual Studio 15
VisualStudioVersion = 15.0.28307.1500
MinimumVisualStudioVersion = 10.0.40219.1
Project("{FAE04EC0-301F-11D3-BF4B-00C04F79EFBC}") = "LMS", "LMS\LMS.csproj", "{64737B88-7AE4-46F2-861C-7B63E7BBE8E3}"
EndProject
Global
	GlobalSection(SolutionConfigurationPlatforms) = preSolution
		Debug|Any CPU = Debug|Any CPU
		Release|Any CPU = Release|Any CPU
	EndGlobalSection
	GlobalSection(ProjectConfigurationPlatforms) = postSolution
		{64737B88-7AE4-46F2-861C-7B63E7BBE8E3}.Debug|Any CPU.ActiveCfg = Debug|Any CPU
		{64737B88-7AE4-46F2-861C-7B63E7BBE8E3}.Debug|Any CPU.Build.0 = Debug|Any CPU
		{64737B88-7AE4-46F2-861C-7B63E7BBE8E3}.Release|Any CPU.ActiveCfg = Release|Any CPU
		{64737B88-7AE4-46F2-861C-7B63E7BBE8E3}.Release|Any CPU.Build.0 = Release|Any CPU
	EndGlobalSection
	GlobalSection(SolutionProperties) = preSolution
		HideSolutionNode = FALSE
	EndGlobalSection
	GlobalSection(ExtensibilityGlobals) = postSolution
		SolutionGuid = {49CBC09C-489B-402A-B594-C28A3743DA11}
	EndGlobalSection
EndGlobal
